
Microsoft Visual Studio Solution File, Format Version 12.00
# Visual Studio 15
VisualStudioVersion = 15.0.28307.1062
MinimumVisualStudioVersion = 10.0.40219.1
Project("{9A19103F-16F7-4668-BE54-9A1E7A4F7556}") = "SOMData", "SOMData.csproj", "{925E32A4-18B6-47C3-8CBE-A578094D54D5}"
EndProject
Global
	GlobalSection(SolutionConfigurationPlatforms) = preSolution
		Debug|Any CPU = Debug|Any CPU
		Release|Any CPU = Release|Any CPU
	EndGlobalSection
	GlobalSection(ProjectConfigurationPlatforms) = postSolution
		{925E32A4-18B6-47C3-8CBE-A578094D54D5}.Debug|Any CPU.ActiveCfg = Debug|Any CPU
		{925E32A4-18B6-47C3-8CBE-A578094D54D5}.Debug|Any CPU.Build.0 = Debug|Any CPU
		{925E32A4-18B6-47C3-8CBE-A578094D54D5}.Release|Any CPU.ActiveCfg = Release|Any CPU
		{925E32A4-18B6-47C3-8CBE-A578094D54D5}.Release|Any CPU.Build.0 = Release|Any CPU
	EndGlobalSection
	GlobalSection(SolutionProperties) = preSolution
		HideSolutionNode = FALSE
	EndGlobalSection
	GlobalSection(ExtensibilityGlobals) = postSolution
		SolutionGuid = {3EA775AA-32FC-45AF-9A0F-91EBB67308B3}
	EndGlobalSection
EndGlobal
